// !$*UTF8*$!
{
	archiveVersion = 1;
	classes = {
	};
	objectVersion = 46;
	objects = {

/* Begin PBXBuildFile section */
		CA6223D31EC00B1300229855 /* CustomTabbarTests.swift in Sources */ = {isa = PBXBuildFile; fileRef = CA6223D21EC00B1300229855 /* CustomTabbarTests.swift */; };
		CA6223DE1EC00B1300229855 /* CustomTabbarUITests.swift in Sources */ = {isa = PBXBuildFile; fileRef = CA6223DD1EC00B1300229855 /* CustomTabbarUITests.swift */; };
		CA784D341EEFE86000A74C00 /* AppDelegate.swift in Sources */ = {isa = PBXBuildFile; fileRef = CA784D281EEFE86000A74C00 /* AppDelegate.swift */; };
		CA784D351EEFE86000A74C00 /* Assets.xcassets in Resources */ = {isa = PBXBuildFile; fileRef = CA784D291EEFE86000A74C00 /* Assets.xcassets */; };
		CA784D361EEFE86000A74C00 /* LaunchScreen.storyboard in Resources */ = {isa = PBXBuildFile; fileRef = CA784D2A1EEFE86000A74C00 /* LaunchScreen.storyboard */; };
		CA784D371EEFE86000A74C00 /* DemoViewController.swift in Sources */ = {isa = PBXBuildFile; fileRef = CA784D2C1EEFE86000A74C00 /* DemoViewController.swift */; };
		CA784D381EEFE86000A74C00 /* DemoViewController.xib in Resources */ = {isa = PBXBuildFile; fileRef = CA784D2D1EEFE86000A74C00 /* DemoViewController.xib */; };
		CA784D391EEFE86000A74C00 /* Info.plist in Resources */ = {isa = PBXBuildFile; fileRef = CA784D2E1EEFE86000A74C00 /* Info.plist */; };
		CA784D3A1EEFE86000A74C00 /* TabbarItemView.swift in Sources */ = {isa = PBXBuildFile; fileRef = CA784D2F1EEFE86000A74C00 /* TabbarItemView.swift */; };
		CA784D3B1EEFE86000A74C00 /* TabbarItemView.xib in Resources */ = {isa = PBXBuildFile; fileRef = CA784D301EEFE86000A74C00 /* TabbarItemView.xib */; };
		CA784D3C1EEFE86000A74C00 /* TabbarCustom.swift in Sources */ = {isa = PBXBuildFile; fileRef = CA784D321EEFE86000A74C00 /* TabbarCustom.swift */; };
		CA784D3D1EEFE86000A74C00 /* TabbarCustomViewController.swift in Sources */ = {isa = PBXBuildFile; fileRef = CA784D331EEFE86000A74C00 /* TabbarCustomViewController.swift */; };
/* End PBXBuildFile section */

/* Begin PBXContainerItemProxy section */
		CA6223CF1EC00B1300229855 /* PBXContainerItemProxy */ = {
			isa = PBXContainerItemProxy;
			containerPortal = CA6223B21EC00B1300229855 /* Project object */;
			proxyType = 1;
			remoteGlobalIDString = CA6223B91EC00B1300229855;
			remoteInfo = CustomTabbar;
		};
		CA6223DA1EC00B1300229855 /* PBXContainerItemProxy */ = {
			isa = PBXContainerItemProxy;
			containerPortal = CA6223B21EC00B1300229855 /* Project object */;
			proxyType = 1;
			remoteGlobalIDString = CA6223B91EC00B1300229855;
			remoteInfo = CustomTabbar;
		};
/* End PBXContainerItemProxy section */

/* Begin PBXFileReference section */
		CA6223BA1EC00B1300229855 /* CustomTabbar.app */ = {isa = PBXFileReference; explicitFileType = wrapper.application; includeInIndex = 0; path = CustomTabbar.app; sourceTree = BUILT_PRODUCTS_DIR; };
		CA6223CE1EC00B1300229855 /* CustomTabbarTests.xctest */ = {isa = PBXFileReference; explicitFileType = wrapper.cfbundle; includeInIndex = 0; path = CustomTabbarTests.xctest; sourceTree = BUILT_PRODUCTS_DIR; };
		CA6223D21EC00B1300229855 /* CustomTabbarTests.swift */ = {isa = PBXFileReference; lastKnownFileType = sourcecode.swift; path = CustomTabbarTests.swift; sourceTree = "<group>"; };
		CA6223D41EC00B1300229855 /* Info.plist */ = {isa = PBXFileReference; lastKnownFileType = text.plist.xml; path = Info.plist; sourceTree = "<group>"; };
		CA6223D91EC00B1300229855 /* CustomTabbarUITests.xctest */ = {isa = PBXFileReference; explicitFileType = wrapper.cfbundle; includeInIndex = 0; path = CustomTabbarUITests.xctest; sourceTree = BUILT_PRODUCTS_DIR; };
		CA6223DD1EC00B1300229855 /* CustomTabbarUITests.swift */ = {isa = PBXFileReference; lastKnownFileType = sourcecode.swift; path = CustomTabbarUITests.swift; sourceTree = "<group>"; };
		CA6223DF1EC00B1300229855 /* Info.plist */ = {isa = PBXFileReference; lastKnownFileType = text.plist.xml; path = Info.plist; sourceTree = "<group>"; };
		CA784D281EEFE86000A74C00 /* AppDelegate.swift */ = {isa = PBXFileReference; fileEncoding = 4; lastKnownFileType = sourcecode.swift; path = AppDelegate.swift; sourceTree = "<group>"; };
		CA784D291EEFE86000A74C00 /* Assets.xcassets */ = {isa = PBXFileReference; lastKnownFileType = folder.assetcatalog; path = Assets.xcassets; sourceTree = "<group>"; };
		CA784D2B1EEFE86000A74C00 /* Base */ = {isa = PBXFileReference; lastKnownFileType = file.storyboard; name = Base; path = Base.lproj/LaunchScreen.storyboard; sourceTree = "<group>"; };
		CA784D2C1EEFE86000A74C00 /* DemoViewController.swift */ = {isa = PBXFileReference; fileEncoding = 4; lastKnownFileType = sourcecode.swift; path = DemoViewController.swift; sourceTree = "<group>"; };
		CA784D2D1EEFE86000A74C00 /* DemoViewController.xib */ = {isa = PBXFileReference; fileEncoding = 4; lastKnownFileType = file.xib; path = DemoViewController.xib; sourceTree = "<group>"; };
		CA784D2E1EEFE86000A74C00 /* Info.plist */ = {isa = PBXFileReference; fileEncoding = 4; lastKnownFileType = text.plist.xml; path = Info.plist; sourceTree = "<group>"; };
		CA784D2F1EEFE86000A74C00 /* TabbarItemView.swift */ = {isa = PBXFileReference; fileEncoding = 4; lastKnownFileType = sourcecode.swift; path = TabbarItemView.swift; sourceTree = "<group>"; };
		CA784D301EEFE86000A74C00 /* TabbarItemView.xib */ = {isa = PBXFileReference; fileEncoding = 4; lastKnownFileType = file.xib; path = TabbarItemView.xib; sourceTree = "<group>"; };
		CA784D321EEFE86000A74C00 /* TabbarCustom.swift */ = {isa = PBXFileReference; fileEncoding = 4; lastKnownFileType = sourcecode.swift; path = TabbarCustom.swift; sourceTree = "<group>"; };
		CA784D331EEFE86000A74C00 /* TabbarCustomViewController.swift */ = {isa = PBXFileReference; fileEncoding = 4; lastKnownFileType = sourcecode.swift; path = TabbarCustomViewController.swift; sourceTree = "<group>"; };
/* End PBXFileReference section */

/* Begin PBXFrameworksBuildPhase section */
		CA6223B71EC00B1300229855 /* Frameworks */ = {
			isa = PBXFrameworksBuildPhase;
			buildActionMask = 2147483647;
			files = (
			);
			runOnlyForDeploymentPostprocessing = 0;
		};
		CA6223CB1EC00B1300229855 /* Frameworks */ = {
			isa = PBXFrameworksBuildPhase;
			buildActionMask = 2147483647;
			files = (
			);
			runOnlyForDeploymentPostprocessing = 0;
		};
		CA6223D61EC00B1300229855 /* Frameworks */ = {
			isa = PBXFrameworksBuildPhase;
			buildActionMask = 2147483647;
			files = (
			);
			runOnlyForDeploymentPostprocessing = 0;
		};
/* End PBXFrameworksBuildPhase section */

/* Begin PBXGroup section */
		CA6223B11EC00B1300229855 = {
			isa = PBXGroup;
			children = (
				CA784D271EEFE86000A74C00 /* Demo */,
				CA784D311EEFE86000A74C00 /* TabbarCustom */,
				CA6223D11EC00B1300229855 /* CustomTabbarTests */,
				CA6223DC1EC00B1300229855 /* CustomTabbarUITests */,
				CA6223BB1EC00B1300229855 /* Products */,
			);
			sourceTree = "<group>";
		};
		CA6223BB1EC00B1300229855 /* Products */ = {
			isa = PBXGroup;
			children = (
				CA6223BA1EC00B1300229855 /* CustomTabbar.app */,
				CA6223CE1EC00B1300229855 /* CustomTabbarTests.xctest */,
				CA6223D91EC00B1300229855 /* CustomTabbarUITests.xctest */,
			);
			name = Products;
			sourceTree = "<group>";
		};
		CA6223D11EC00B1300229855 /* CustomTabbarTests */ = {
			isa = PBXGroup;
			children = (
				CA6223D21EC00B1300229855 /* CustomTabbarTests.swift */,
				CA6223D41EC00B1300229855 /* Info.plist */,
			);
			path = CustomTabbarTests;
			sourceTree = "<group>";
		};
		CA6223DC1EC00B1300229855 /* CustomTabbarUITests */ = {
			isa = PBXGroup;
			children = (
				CA6223DD1EC00B1300229855 /* CustomTabbarUITests.swift */,
				CA6223DF1EC00B1300229855 /* Info.plist */,
			);
			path = CustomTabbarUITests;
			sourceTree = "<group>";
		};
		CA784D271EEFE86000A74C00 /* Demo */ = {
			isa = PBXGroup;
			children = (
				CA784D281EEFE86000A74C00 /* AppDelegate.swift */,
				CA784D291EEFE86000A74C00 /* Assets.xcassets */,
				CA784D2A1EEFE86000A74C00 /* LaunchScreen.storyboard */,
				CA784D2C1EEFE86000A74C00 /* DemoViewController.swift */,
				CA784D2D1EEFE86000A74C00 /* DemoViewController.xib */,
				CA784D2E1EEFE86000A74C00 /* Info.plist */,
				CA784D2F1EEFE86000A74C00 /* TabbarItemView.swift */,
				CA784D301EEFE86000A74C00 /* TabbarItemView.xib */,
			);
			path = Demo;
			sourceTree = "<group>";
		};
		CA784D311EEFE86000A74C00 /* TabbarCustom */ = {
			isa = PBXGroup;
			children = (
				CA784D321EEFE86000A74C00 /* TabbarCustom.swift */,
				CA784D331EEFE86000A74C00 /* TabbarCustomViewController.swift */,
			);
			path = TabbarCustom;
			sourceTree = "<group>";
		};
/* End PBXGroup section */

/* Begin PBXNativeTarget section */
		CA6223B91EC00B1300229855 /* CustomTabbar */ = {
			isa = PBXNativeTarget;
			buildConfigurationList = CA6223E21EC00B1300229855 /* Build configuration list for PBXNativeTarget "CustomTabbar" */;
			buildPhases = (
				CA6223B61EC00B1300229855 /* Sources */,
				CA6223B71EC00B1300229855 /* Frameworks */,
				CA6223B81EC00B1300229855 /* Resources */,
			);
			buildRules = (
			);
			dependencies = (
			);
			name = CustomTabbar;
			productName = CustomTabbar;
			productReference = CA6223BA1EC00B1300229855 /* CustomTabbar.app */;
			productType = "com.apple.product-type.application";
		};
		CA6223CD1EC00B1300229855 /* CustomTabbarTests */ = {
			isa = PBXNativeTarget;
			buildConfigurationList = CA6223E51EC00B1300229855 /* Build configuration list for PBXNativeTarget "CustomTabbarTests" */;
			buildPhases = (
				CA6223CA1EC00B1300229855 /* Sources */,
				CA6223CB1EC00B1300229855 /* Frameworks */,
				CA6223CC1EC00B1300229855 /* Resources */,
			);
			buildRules = (
			);
			dependencies = (
				CA6223D01EC00B1300229855 /* PBXTargetDependency */,
			);
			name = CustomTabbarTests;
			productName = CustomTabbarTests;
			productReference = CA6223CE1EC00B1300229855 /* CustomTabbarTests.xctest */;
			productType = "com.apple.product-type.bundle.unit-test";
		};
		CA6223D81EC00B1300229855 /* CustomTabbarUITests */ = {
			isa = PBXNativeTarget;
			buildConfigurationList = CA6223E81EC00B1300229855 /* Build configuration list for PBXNativeTarget "CustomTabbarUITests" */;
			buildPhases = (
				CA6223D51EC00B1300229855 /* Sources */,
				CA6223D61EC00B1300229855 /* Frameworks */,
				CA6223D71EC00B1300229855 /* Resources */,
			);
			buildRules = (
			);
			dependencies = (
				CA6223DB1EC00B1300229855 /* PBXTargetDependency */,
			);
			name = CustomTabbarUITests;
			productName = CustomTabbarUITests;
			productReference = CA6223D91EC00B1300229855 /* CustomTabbarUITests.xctest */;
			productType = "com.apple.product-type.bundle.ui-testing";
		};
/* End PBXNativeTarget section */

/* Begin PBXProject section */
		CA6223B21EC00B1300229855 /* Project object */ = {
			isa = PBXProject;
			attributes = {
				LastSwiftUpdateCheck = 0830;
				LastUpgradeCheck = 0830;
				ORGANIZATIONNAME = "Tuan Mai A.";
				TargetAttributes = {
					CA6223B91EC00B1300229855 = {
						CreatedOnToolsVersion = 8.3.2;
						ProvisioningStyle = Automatic;
					};
					CA6223CD1EC00B1300229855 = {
						CreatedOnToolsVersion = 8.3.2;
						ProvisioningStyle = Automatic;
						TestTargetID = CA6223B91EC00B1300229855;
					};
					CA6223D81EC00B1300229855 = {
						CreatedOnToolsVersion = 8.3.2;
						ProvisioningStyle = Automatic;
						TestTargetID = CA6223B91EC00B1300229855;
					};
				};
			};
			buildConfigurationList = CA6223B51EC00B1300229855 /* Build configuration list for PBXProject "CustomTabbar" */;
			compatibilityVersion = "Xcode 3.2";
			developmentRegion = English;
			hasScannedForEncodings = 0;
			knownRegions = (
				en,
				Base,
			);
			mainGroup = CA6223B11EC00B1300229855;
			productRefGroup = CA6223BB1EC00B1300229855 /* Products */;
			projectDirPath = "";
			projectRoot = "";
			targets = (
				CA6223B91EC00B1300229855 /* CustomTabbar */,
				CA6223CD1EC00B1300229855 /* CustomTabbarTests */,
				CA6223D81EC00B1300229855 /* CustomTabbarUITests */,
			);
		};
/* End PBXProject section */

/* Begin PBXResourcesBuildPhase section */
		CA6223B81EC00B1300229855 /* Resources */ = {
			isa = PBXResourcesBuildPhase;
			buildActionMask = 2147483647;
			files = (
				CA784D391EEFE86000A74C00 /* Info.plist in Resources */,
				CA784D351EEFE86000A74C00 /* Assets.xcassets in Resources */,
				CA784D381EEFE86000A74C00 /* DemoViewController.xib in Resources */,
				CA784D3B1EEFE86000A74C00 /* TabbarItemView.xib in Resources */,
				CA784D361EEFE86000A74C00 /* LaunchScreen.storyboard in Resources */,
			);
			runOnlyForDeploymentPostprocessing = 0;
		};
		CA6223CC1EC00B1300229855 /* Resources */ = {
			isa = PBXResourcesBuildPhase;
			buildActionMask = 2147483647;
			files = (
			);
			runOnlyForDeploymentPostprocessing = 0;
		};
		CA6223D71EC00B1300229855 /* Resources */ = {
			isa = PBXResourcesBuildPhase;
			buildActionMask = 2147483647;
			files = (
			);
			runOnlyForDeploymentPostprocessing = 0;
		};
/* End PBXResourcesBuildPhase section */

/* Begin PBXSourcesBuildPhase section */
		CA6223B61EC00B1300229855 /* Sources */ = {
			isa = PBXSourcesBuildPhase;
			buildActionMask = 2147483647;
			files = (
				CA784D3C1EEFE86000A74C00 /* TabbarCustom.swift in Sources */,
				CA784D3A1EEFE86000A74C00 /* TabbarItemView.swift in Sources */,
				CA784D3D1EEFE86000A74C00 /* TabbarCustomViewController.swift in Sources */,
				CA784D341EEFE86000A74C00 /* AppDelegate.swift in Sources */,
				CA784D371EEFE86000A74C00 /* DemoViewController.swift in Sources */,
			);
			runOnlyForDeploymentPostprocessing = 0;
		};
		CA6223CA1EC00B1300229855 /* Sources */ = {
			isa = PBXSourcesBuildPhase;
			buildActionMask = 2147483647;
			files = (
				CA6223D31EC00B1300229855 /* CustomTabbarTests.swift in Sources */,
			);
			runOnlyForDeploymentPostprocessing = 0;
		};
		CA6223D51EC00B1300229855 /* Sources */ = {
			isa = PBXSourcesBuildPhase;
			buildActionMask = 2147483647;
			files = (
				CA6223DE1EC00B1300229855 /* CustomTabbarUITests.swift in Sources */,
			);
			runOnlyForDeploymentPostprocessing = 0;
		};
/* End PBXSourcesBuildPhase section */

/* Begin PBXTargetDependency section */
		CA6223D01EC00B1300229855 /* PBXTargetDependency */ = {
			isa = PBXTargetDependency;
			target = CA6223B91EC00B1300229855 /* CustomTabbar */;
			targetProxy = CA6223CF1EC00B1300229855 /* PBXContainerItemProxy */;
		};
		CA6223DB1EC00B1300229855 /* PBXTargetDependency */ = {
			isa = PBXTargetDependency;
			target = CA6223B91EC00B1300229855 /* CustomTabbar */;
			targetProxy = CA6223DA1EC00B1300229855 /* PBXContainerItemProxy */;
		};
/* End PBXTargetDependency section */

/* Begin PBXVariantGroup section */
		CA784D2A1EEFE86000A74C00 /* LaunchScreen.storyboard */ = {
			isa = PBXVariantGroup;
			children = (
				CA784D2B1EEFE86000A74C00 /* Base */,
			);
			name = LaunchScreen.storyboard;
			sourceTree = "<group>";
		};
/* End PBXVariantGroup section */

/* Begin XCBuildConfiguration section */
		CA6223E01EC00B1300229855 /* Debug */ = {
			isa = XCBuildConfiguration;
			buildSettings = {
				ALWAYS_SEARCH_USER_PATHS = NO;
				CLANG_ANALYZER_NONNULL = YES;
				CLANG_ANALYZER_NUMBER_OBJECT_CONVERSION = YES_AGGRESSIVE;
				CLANG_CXX_LANGUAGE_STANDARD = "gnu++0x";
				CLANG_CXX_LIBRARY = "libc++";
				CLANG_ENABLE_MODULES = YES;
				CLANG_ENABLE_OBJC_ARC = YES;
				CLANG_WARN_BOOL_CONVERSION = YES;
				CLANG_WARN_CONSTANT_CONVERSION = YES;
				CLANG_WARN_DIRECT_OBJC_ISA_USAGE = YES_ERROR;
				CLANG_WARN_DOCUMENTATION_COMMENTS = YES;
				CLANG_WARN_EMPTY_BODY = YES;
				CLANG_WARN_ENUM_CONVERSION = YES;
				CLANG_WARN_INFINITE_RECURSION = YES;
				CLANG_WARN_INT_CONVERSION = YES;
				CLANG_WARN_OBJC_ROOT_CLASS = YES_ERROR;
				CLANG_WARN_SUSPICIOUS_MOVE = YES;
				CLANG_WARN_UNREACHABLE_CODE = YES;
				CLANG_WARN__DUPLICATE_METHOD_MATCH = YES;
				"CODE_SIGN_IDENTITY[sdk=iphoneos*]" = "iPhone Developer";
				COPY_PHASE_STRIP = NO;
				DEBUG_INFORMATION_FORMAT = dwarf;
				ENABLE_STRICT_OBJC_MSGSEND = YES;
				ENABLE_TESTABILITY = YES;
				GCC_C_LANGUAGE_STANDARD = gnu99;
				GCC_DYNAMIC_NO_PIC = NO;
				GCC_NO_COMMON_BLOCKS = YES;
				GCC_OPTIMIZATION_LEVEL = 0;
				GCC_PREPROCESSOR_DEFINITIONS = (
					"DEBUG=1",
					"$(inherited)",
				);
				GCC_WARN_64_TO_32_BIT_CONVERSION = YES;
				GCC_WARN_ABOUT_RETURN_TYPE = YES_ERROR;
				GCC_WARN_UNDECLARED_SELECTOR = YES;
				GCC_WARN_UNINITIALIZED_AUTOS = YES_AGGRESSIVE;
				GCC_WARN_UNUSED_FUNCTION = YES;
				GCC_WARN_UNUSED_VARIABLE = YES;
				IPHONEOS_DEPLOYMENT_TARGET = 10.3;
				MTL_ENABLE_DEBUG_INFO = YES;
				ONLY_ACTIVE_ARCH = YES;
				SDKROOT = iphoneos;
				SWIFT_ACTIVE_COMPILATION_CONDITIONS = DEBUG;
				SWIFT_OPTIMIZATION_LEVEL = "-Onone";
				TARGETED_DEVICE_FAMILY = "1,2";
			};
			name = Debug;
		};
		CA6223E11EC00B1300229855 /* Release */ = {
			isa = XCBuildConfiguration;
			buildSettings = {
				ALWAYS_SEARCH_USER_PATHS = NO;
				CLANG_ANALYZER_NONNULL = YES;
				CLANG_ANALYZER_NUMBER_OBJECT_CONVERSION = YES_AGGRESSIVE;
				CLANG_CXX_LANGUAGE_STANDARD = "gnu++0x";
				CLANG_CXX_LIBRARY = "libc++";
				CLANG_ENABLE_MODULES = YES;
				CLANG_ENABLE_OBJC_ARC = YES;
				CLANG_WARN_BOOL_CONVERSION = YES;
				CLANG_WARN_CONSTANT_CONVERSION = YES;
				CLANG_WARN_DIRECT_OBJC_ISA_USAGE = YES_ERROR;
				CLANG_WARN_DOCUMENTATION_COMMENTS = YES;
				CLANG_WARN_EMPTY_BODY = YES;
				CLANG_WARN_ENUM_CONVERSION = YES;
				CLANG_WARN_INFINITE_RECURSION = YES;
				CLANG_WARN_INT_CONVERSION = YES;
				CLANG_WARN_OBJC_ROOT_CLASS = YES_ERROR;
				CLANG_WARN_SUSPICIOUS_MOVE = YES;
				CLANG_WARN_UNREACHABLE_CODE = YES;
				CLANG_WARN__DUPLICATE_METHOD_MATCH = YES;
				"CODE_SIGN_IDENTITY[sdk=iphoneos*]" = "iPhone Developer";
				COPY_PHASE_STRIP = NO;
				DEBUG_INFORMATION_FORMAT = "dwarf-with-dsym";
				ENABLE_NS_ASSERTIONS = NO;
				ENABLE_STRICT_OBJC_MSGSEND = YES;
				GCC_C_LANGUAGE_STANDARD = gnu99;
				GCC_NO_COMMON_BLOCKS = YES;
				GCC_WARN_64_TO_32_BIT_CONVERSION = YES;
				GCC_WARN_ABOUT_RETURN_TYPE = YES_ERROR;
				GCC_WARN_UNDECLARED_SELECTOR = YES;
				GCC_WARN_UNINITIALIZED_AUTOS = YES_AGGRESSIVE;
				GCC_WARN_UNUSED_FUNCTION = YES;
				GCC_WARN_UNUSED_VARIABLE = YES;
				IPHONEOS_DEPLOYMENT_TARGET = 10.3;
				MTL_ENABLE_DEBUG_INFO = NO;
				SDKROOT = iphoneos;
				SWIFT_OPTIMIZATION_LEVEL = "-Owholemodule";
				TARGETED_DEVICE_FAMILY = "1,2";
				VALIDATE_PRODUCT = YES;
			};
			name = Release;
		};
		CA6223E31EC00B1300229855 /* Debug */ = {
			isa = XCBuildConfiguration;
			buildSettings = {
				ASSETCATALOG_COMPILER_APPICON_NAME = AppIcon;
				INFOPLIST_FILE = CustomTabbar/Info.plist;
				LD_RUNPATH_SEARCH_PATHS = "$(inherited) @executable_path/Frameworks";
				PRODUCT_BUNDLE_IDENTIFIER = com.tuan.CustomTabbar;
				PRODUCT_NAME = "$(TARGET_NAME)";
				SWIFT_VERSION = 3.0;
			};
			name = Debug;
		};
		CA6223E41EC00B1300229855 /* Release */ = {
			isa = XCBuildConfiguration;
			buildSettings = {
				ASSETCATALOG_COMPILER_APPICON_NAME = AppIcon;
				INFOPLIST_FILE = CustomTabbar/Info.plist;
				LD_RUNPATH_SEARCH_PATHS = "$(inherited) @executable_path/Frameworks";
				PRODUCT_BUNDLE_IDENTIFIER = com.tuan.CustomTabbar;
				PRODUCT_NAME = "$(TARGET_NAME)";
				SWIFT_VERSION = 3.0;
			};
			name = Release;
		};
		CA6223E61EC00B1300229855 /* Debug */ = {
			isa = XCBuildConfiguration;
			buildSettings = {
				ALWAYS_EMBED_SWIFT_STANDARD_LIBRARIES = YES;
				BUNDLE_LOADER = "$(TEST_HOST)";
				INFOPLIST_FILE = CustomTabbarTests/Info.plist;
				LD_RUNPATH_SEARCH_PATHS = "$(inherited) @executable_path/Frameworks @loader_path/Frameworks";
				PRODUCT_BUNDLE_IDENTIFIER = com.tuan.CustomTabbarTests;
				PRODUCT_NAME = "$(TARGET_NAME)";
				SWIFT_VERSION = 3.0;
				TEST_HOST = "$(BUILT_PRODUCTS_DIR)/CustomTabbar.app/CustomTabbar";
			};
			name = Debug;
		};
		CA6223E71EC00B1300229855 /* Release */ = {
			isa = XCBuildConfiguration;
			buildSettings = {
				ALWAYS_EMBED_SWIFT_STANDARD_LIBRARIES = YES;
				BUNDLE_LOADER = "$(TEST_HOST)";
				INFOPLIST_FILE = CustomTabbarTests/Info.plist;
				LD_RUNPATH_SEARCH_PATHS = "$(inherited) @executable_path/Frameworks @loader_path/Frameworks";
				PRODUCT_BUNDLE_IDENTIFIER = com.tuan.CustomTabbarTests;
				PRODUCT_NAME = "$(TARGET_NAME)";
				SWIFT_VERSION = 3.0;
				TEST_HOST = "$(BUILT_PRODUCTS_DIR)/CustomTabbar.app/CustomTabbar";
			};
			name = Release;
		};
		CA6223E91EC00B1300229855 /* Debug */ = {
			isa = XCBuildConfiguration;
			buildSettings = {
				ALWAYS_EMBED_SWIFT_STANDARD_LIBRARIES = YES;
				INFOPLIST_FILE = CustomTabbarUITests/Info.plist;
				LD_RUNPATH_SEARCH_PATHS = "$(inherited) @executable_path/Frameworks @loader_path/Frameworks";
				PRODUCT_BUNDLE_IDENTIFIER = com.tuan.CustomTabbarUITests;
				PRODUCT_NAME = "$(TARGET_NAME)";
				SWIFT_VERSION = 3.0;
				TEST_TARGET_NAME = CustomTabbar;
			};
			name = Debug;
		};
		CA6223EA1EC00B1300229855 /* Release */ = {
			isa = XCBuildConfiguration;
			buildSettings = {
				ALWAYS_EMBED_SWIFT_STANDARD_LIBRARIES = YES;
				INFOPLIST_FILE = CustomTabbarUITests/Info.plist;
				LD_RUNPATH_SEARCH_PATHS = "$(inherited) @executable_path/Frameworks @loader_path/Frameworks";
				PRODUCT_BUNDLE_IDENTIFIER = com.tuan.CustomTabbarUITests;
				PRODUCT_NAME = "$(TARGET_NAME)";
				SWIFT_VERSION = 3.0;
				TEST_TARGET_NAME = CustomTabbar;
			};
			name = Release;
		};
/* End XCBuildConfiguration section */

/* Begin XCConfigurationList section */
		CA6223B51EC00B1300229855 /* Build configuration list for PBXProject "CustomTabbar" */ = {
			isa = XCConfigurationList;
			buildConfigurations = (
				CA6223E01EC00B1300229855 /* Debug */,
				CA6223E11EC00B1300229855 /* Release */,
			);
			defaultConfigurationIsVisible = 0;
			defaultConfigurationName = Release;
		};
		CA6223E21EC00B1300229855 /* Build configuration list for PBXNativeTarget "CustomTabbar" */ = {
			isa = XCConfigurationList;
			buildConfigurations = (
				CA6223E31EC00B1300229855 /* Debug */,
				CA6223E41EC00B1300229855 /* Release */,
			);
			defaultConfigurationIsVisible = 0;
			defaultConfigurationName = Release;
		};
		CA6223E51EC00B1300229855 /* Build configuration list for PBXNativeTarget "CustomTabbarTests" */ = {
			isa = XCConfigurationList;
			buildConfigurations = (
				CA6223E61EC00B1300229855 /* Debug */,
				CA6223E71EC00B1300229855 /* Release */,
			);
			defaultConfigurationIsVisible = 0;
			defaultConfigurationName = Release;
		};
		CA6223E81EC00B1300229855 /* Build configuration list for PBXNativeTarget "CustomTabbarUITests" */ = {
			isa = XCConfigurationList;
			buildConfigurations = (
				CA6223E91EC00B1300229855 /* Debug */,
				CA6223EA1EC00B1300229855 /* Release */,
			);
			defaultConfigurationIsVisible = 0;
			defaultConfigurationName = Release;
		};
/* End XCConfigurationList section */
	};
	rootObject = CA6223B21EC00B1300229855 /* Project object */;
}
